
Microsoft Visual Studio Solution File, Format Version 12.00
# Visual Studio Version 16
VisualStudioVersion = 16.0.29001.49
MinimumVisualStudioVersion = 10.0.40219.1
Project("{9A19103F-16F7-4668-BE54-9A1E7A4F7556}") = "Home", "Home\Home.csproj", "{1307E581-3CA6-4B30-8734-A40DC99F7BAC}"
EndProject
Project("{9A19103F-16F7-4668-BE54-9A1E7A4F7556}") = "Business", "Business\Business.csproj", "{B2F473EF-A903-4FF3-80A9-857AE12A00A1}"
EndProject
Global
	GlobalSection(SolutionConfigurationPlatforms) = preSolution
		Debug|Any CPU = Debug|Any CPU
		Release|Any CPU = Release|Any CPU
	EndGlobalSection
	GlobalSection(ProjectConfigurationPlatforms) = postSolution
		{1307E581-3CA6-4B30-8734-A40DC99F7BAC}.Debug|Any CPU.ActiveCfg = Debug|Any CPU
		{1307E581-3CA6-4B30-8734-A40DC99F7BAC}.Debug|Any CPU.Build.0 = Debug|Any CPU
		{1307E581-3CA6-4B30-8734-A40DC99F7BAC}.Release|Any CPU.ActiveCfg = Release|Any CPU
		{1307E581-3CA6-4B30-8734-A40DC99F7BAC}.Release|Any CPU.Build.0 = Release|Any CPU
		{B2F473EF-A903-4FF3-80A9-857AE12A00A1}.Debug|Any CPU.ActiveCfg = Debug|Any CPU
		{B2F473EF-A903-4FF3-80A9-857AE12A00A1}.Debug|Any CPU.Build.0 = Debug|Any CPU
		{B2F473EF-A903-4FF3-80A9-857AE12A00A1}.Release|Any CPU.ActiveCfg = Release|Any CPU
		{B2F473EF-A903-4FF3-80A9-857AE12A00A1}.Release|Any CPU.Build.0 = Release|Any CPU
	EndGlobalSection
	GlobalSection(SolutionProperties) = preSolution
		HideSolutionNode = FALSE
	EndGlobalSection
	GlobalSection(ExtensibilityGlobals) = postSolution
		SolutionGuid = {FED4C836-6353-4CD0-A1DF-74B41A28415E}
	EndGlobalSection
EndGlobal
